
Microsoft Visual Studio Solution File, Format Version 12.00
# Visual Studio 15
VisualStudioVersion = 15.0.28307.757
MinimumVisualStudioVersion = 10.0.40219.1
Project("{FAE04EC0-301F-11D3-BF4B-00C04F79EFBC}") = "TestBC25Module", "TestBC25Module\TestBC25Module.csproj", "{22C758DE-3467-4082-ADE5-4FFB082E673B}"
EndProject
Global
	GlobalSection(SolutionConfigurationPlatforms) = preSolution
		Debug|Any CPU = Debug|Any CPU
		Release|Any CPU = Release|Any CPU
	EndGlobalSection
	GlobalSection(ProjectConfigurationPlatforms) = postSolution
		{22C758DE-3467-4082-ADE5-4FFB082E673B}.Debug|Any CPU.ActiveCfg = Debug|Any CPU
		{22C758DE-3467-4082-ADE5-4FFB082E673B}.Debug|Any CPU.Build.0 = Debug|Any CPU
		{22C758DE-3467-4082-ADE5-4FFB082E673B}.Release|Any CPU.ActiveCfg = Release|Any CPU
		{22C758DE-3467-4082-ADE5-4FFB082E673B}.Release|Any CPU.Build.0 = Release|Any CPU
	EndGlobalSection
	GlobalSection(SolutionProperties) = preSolution
		HideSolutionNode = FALSE
	EndGlobalSection
	GlobalSection(ExtensibilityGlobals) = postSolution
		SolutionGuid = {C1868AE8-445B-4694-8182-8A24E9755BE6}
	EndGlobalSection
EndGlobal
